
Microsoft Visual Studio Solution File, Format Version 12.00
# Visual Studio Version 17
VisualStudioVersion = 17.0.31919.166
MinimumVisualStudioVersion = 10.0.40219.1
Project("{FAE04EC0-301F-11D3-BF4B-00C04F79EFBC}") = "uc9_graus", "uc9_graus\uc9_graus.csproj", "{8FB35FC2-5682-431F-9078-9987B1D16885}"
EndProject
Global
	GlobalSection(SolutionConfigurationPlatforms) = preSolution
		Debug|Any CPU = Debug|Any CPU
		Release|Any CPU = Release|Any CPU
	EndGlobalSection
	GlobalSection(ProjectConfigurationPlatforms) = postSolution
		{8FB35FC2-5682-431F-9078-9987B1D16885}.Debug|Any CPU.ActiveCfg = Debug|Any CPU
		{8FB35FC2-5682-431F-9078-9987B1D16885}.Debug|Any CPU.Build.0 = Debug|Any CPU
		{8FB35FC2-5682-431F-9078-9987B1D16885}.Release|Any CPU.ActiveCfg = Release|Any CPU
		{8FB35FC2-5682-431F-9078-9987B1D16885}.Release|Any CPU.Build.0 = Release|Any CPU
	EndGlobalSection
	GlobalSection(SolutionProperties) = preSolution
		HideSolutionNode = FALSE
	EndGlobalSection
	GlobalSection(ExtensibilityGlobals) = postSolution
		SolutionGuid = {CC70B300-736B-4DB3-A9A9-336E1D082686}
	EndGlobalSection
EndGlobal
